
Microsoft Visual Studio Solution File, Format Version 12.00
# Visual Studio 15
VisualStudioVersion = 15.0.27428.2037
MinimumVisualStudioVersion = 10.0.40219.1
Project("{FAE04EC0-301F-11D3-BF4B-00C04F79EFBC}") = "JayLib", "JayLib\JayLib.csproj", "{43E479AB-A1CD-411C-9306-546F797FD702}"
EndProject
Project("{FAE04EC0-301F-11D3-BF4B-00C04F79EFBC}") = "JayCustomControlLib", "JayCustomControlLib\JayCustomControlLib.csproj", "{92AFCC90-E4BF-46EC-A9E8-813CE2C9013F}"
EndProject
Project("{FAE04EC0-301F-11D3-BF4B-00C04F79EFBC}") = "ControlTest", "ControlTest\ControlTest.csproj", "{117C48F0-9D70-4981-B694-A769EC6CE32D}"
	ProjectSection(ProjectDependencies) = postProject
		{92AFCC90-E4BF-46EC-A9E8-813CE2C9013F} = {92AFCC90-E4BF-46EC-A9E8-813CE2C9013F}
		{43E479AB-A1CD-411C-9306-546F797FD702} = {43E479AB-A1CD-411C-9306-546F797FD702}
	EndProjectSection
EndProject
Project("{FAE04EC0-301F-11D3-BF4B-00C04F79EFBC}") = "WindowTest", "WindowTest\WindowTest.csproj", "{C9A83536-3BFB-4355-83AD-2D2830EFC01A}"
EndProject
Project("{FAE04EC0-301F-11D3-BF4B-00C04F79EFBC}") = "ROMTest", "ROMTest\ROMTest.csproj", "{8FDBAF64-EF8B-4FE7-B990-D1AF84E9C94D}"
EndProject
Project("{FAE04EC0-301F-11D3-BF4B-00C04F79EFBC}") = "DRJ", "DRJ\DRJ.csproj", "{231CD28B-A580-4227-9DC5-2FB766A3313C}"
EndProject
Project("{FAE04EC0-301F-11D3-BF4B-00C04F79EFBC}") = "BenchmarkTest4Framework", "BenchmarkTest\BenchmarkTest4Framework.csproj", "{93DB304F-01FA-4B12-8E44-42107CDCCAE5}"
EndProject
Project("{FAE04EC0-301F-11D3-BF4B-00C04F79EFBC}") = "RegexTest", "RegexTest\RegexTest.csproj", "{74215969-D5B8-4AD7-98C8-87580E93C2D0}"
EndProject
Project("{FAE04EC0-301F-11D3-BF4B-00C04F79EFBC}") = "WpfApp1", "WpfApp1\WpfApp1.csproj", "{7B82FBC7-054F-4CF9-8BB8-762CFF66B276}"
EndProject
Project("{FAE04EC0-301F-11D3-BF4B-00C04F79EFBC}") = "Multithreading", "Multithreading\Multithreading.csproj", "{E5BBF038-E442-4135-B290-BAE66664E520}"
EndProject
Project("{FAE04EC0-301F-11D3-BF4B-00C04F79EFBC}") = "AsynchronousProgramming", "AsynchronousProgramming\AsynchronousProgramming.csproj", "{69F5C12A-AE8A-4D21-B663-82F2983D933F}"
EndProject
Global
	GlobalSection(SolutionConfigurationPlatforms) = preSolution
		Debug|Any CPU = Debug|Any CPU
		Release|Any CPU = Release|Any CPU
	EndGlobalSection
	GlobalSection(ProjectConfigurationPlatforms) = postSolution
		{43E479AB-A1CD-411C-9306-546F797FD702}.Debug|Any CPU.ActiveCfg = Debug|Any CPU
		{43E479AB-A1CD-411C-9306-546F797FD702}.Debug|Any CPU.Build.0 = Debug|Any CPU
		{43E479AB-A1CD-411C-9306-546F797FD702}.Release|Any CPU.ActiveCfg = Release|Any CPU
		{43E479AB-A1CD-411C-9306-546F797FD702}.Release|Any CPU.Build.0 = Release|Any CPU
		{92AFCC90-E4BF-46EC-A9E8-813CE2C9013F}.Debug|Any CPU.ActiveCfg = Debug|Any CPU
		{92AFCC90-E4BF-46EC-A9E8-813CE2C9013F}.Debug|Any CPU.Build.0 = Debug|Any CPU
		{92AFCC90-E4BF-46EC-A9E8-813CE2C9013F}.Release|Any CPU.ActiveCfg = Release|Any CPU
		{92AFCC90-E4BF-46EC-A9E8-813CE2C9013F}.Release|Any CPU.Build.0 = Release|Any CPU
		{117C48F0-9D70-4981-B694-A769EC6CE32D}.Debug|Any CPU.ActiveCfg = Debug|Any CPU
		{117C48F0-9D70-4981-B694-A769EC6CE32D}.Debug|Any CPU.Build.0 = Debug|Any CPU
		{117C48F0-9D70-4981-B694-A769EC6CE32D}.Release|Any CPU.ActiveCfg = Release|Any CPU
		{117C48F0-9D70-4981-B694-A769EC6CE32D}.Release|Any CPU.Build.0 = Release|Any CPU
		{C9A83536-3BFB-4355-83AD-2D2830EFC01A}.Debug|Any CPU.ActiveCfg = Debug|Any CPU
		{C9A83536-3BFB-4355-83AD-2D2830EFC01A}.Debug|Any CPU.Build.0 = Debug|Any CPU
		{C9A83536-3BFB-4355-83AD-2D2830EFC01A}.Release|Any CPU.ActiveCfg = Release|Any CPU
		{C9A83536-3BFB-4355-83AD-2D2830EFC01A}.Release|Any CPU.Build.0 = Release|Any CPU
		{8FDBAF64-EF8B-4FE7-B990-D1AF84E9C94D}.Debug|Any CPU.ActiveCfg = Debug|Any CPU
		{8FDBAF64-EF8B-4FE7-B990-D1AF84E9C94D}.Debug|Any CPU.Build.0 = Debug|Any CPU
		{8FDBAF64-EF8B-4FE7-B990-D1AF84E9C94D}.Release|Any CPU.ActiveCfg = Release|Any CPU
		{8FDBAF64-EF8B-4FE7-B990-D1AF84E9C94D}.Release|Any CPU.Build.0 = Release|Any CPU
		{231CD28B-A580-4227-9DC5-2FB766A3313C}.Debug|Any CPU.ActiveCfg = Debug|Any CPU
		{231CD28B-A580-4227-9DC5-2FB766A3313C}.Debug|Any CPU.Build.0 = Debug|Any CPU
		{231CD28B-A580-4227-9DC5-2FB766A3313C}.Release|Any CPU.ActiveCfg = Release|Any CPU
		{231CD28B-A580-4227-9DC5-2FB766A3313C}.Release|Any CPU.Build.0 = Release|Any CPU
		{93DB304F-01FA-4B12-8E44-42107CDCCAE5}.Debug|Any CPU.ActiveCfg = Debug|Any CPU
		{93DB304F-01FA-4B12-8E44-42107CDCCAE5}.Debug|Any CPU.Build.0 = Debug|Any CPU
		{93DB304F-01FA-4B12-8E44-42107CDCCAE5}.Release|Any CPU.ActiveCfg = Release|Any CPU
		{93DB304F-01FA-4B12-8E44-42107CDCCAE5}.Release|Any CPU.Build.0 = Release|Any CPU
		{74215969-D5B8-4AD7-98C8-87580E93C2D0}.Debug|Any CPU.ActiveCfg = Debug|Any CPU
		{74215969-D5B8-4AD7-98C8-87580E93C2D0}.Debug|Any CPU.Build.0 = Debug|Any CPU
		{74215969-D5B8-4AD7-98C8-87580E93C2D0}.Release|Any CPU.ActiveCfg = Release|Any CPU
		{74215969-D5B8-4AD7-98C8-87580E93C2D0}.Release|Any CPU.Build.0 = Release|Any CPU
		{7B82FBC7-054F-4CF9-8BB8-762CFF66B276}.Debug|Any CPU.ActiveCfg = Debug|Any CPU
		{7B82FBC7-054F-4CF9-8BB8-762CFF66B276}.Debug|Any CPU.Build.0 = Debug|Any CPU
		{7B82FBC7-054F-4CF9-8BB8-762CFF66B276}.Release|Any CPU.ActiveCfg = Release|Any CPU
		{7B82FBC7-054F-4CF9-8BB8-762CFF66B276}.Release|Any CPU.Build.0 = Release|Any CPU
		{E5BBF038-E442-4135-B290-BAE66664E520}.Debug|Any CPU.ActiveCfg = Debug|Any CPU
		{E5BBF038-E442-4135-B290-BAE66664E520}.Debug|Any CPU.Build.0 = Debug|Any CPU
		{E5BBF038-E442-4135-B290-BAE66664E520}.Release|Any CPU.ActiveCfg = Release|Any CPU
		{E5BBF038-E442-4135-B290-BAE66664E520}.Release|Any CPU.Build.0 = Release|Any CPU
		{69F5C12A-AE8A-4D21-B663-82F2983D933F}.Debug|Any CPU.ActiveCfg = Debug|Any CPU
		{69F5C12A-AE8A-4D21-B663-82F2983D933F}.Debug|Any CPU.Build.0 = Debug|Any CPU
		{69F5C12A-AE8A-4D21-B663-82F2983D933F}.Release|Any CPU.ActiveCfg = Release|Any CPU
		{69F5C12A-AE8A-4D21-B663-82F2983D933F}.Release|Any CPU.Build.0 = Release|Any CPU
	EndGlobalSection
	GlobalSection(SolutionProperties) = preSolution
		HideSolutionNode = FALSE
	EndGlobalSection
	GlobalSection(ExtensibilityGlobals) = postSolution
		SolutionGuid = {95998498-3F24-4E13-B53E-7A691AA48223}
	EndGlobalSection
EndGlobal
